
Microsoft Visual Studio Solution File, Format Version 12.00
# Visual Studio Version 17
VisualStudioVersion = 17.11.35222.181
MinimumVisualStudioVersion = 10.0.40219.1
Project("{FAE04EC0-301F-11D3-BF4B-00C04F79EFBC}") = "Hangman", "Hangman\Hangman.csproj", "{4D80453C-D75A-4031-9A87-6B1D60956043}"
EndProject
Global
	GlobalSection(SolutionConfigurationPlatforms) = preSolution
		Debug|Any CPU = Debug|Any CPU
		Release|Any CPU = Release|Any CPU
	EndGlobalSection
	GlobalSection(ProjectConfigurationPlatforms) = postSolution
		{4D80453C-D75A-4031-9A87-6B1D60956043}.Debug|Any CPU.ActiveCfg = Debug|Any CPU
		{4D80453C-D75A-4031-9A87-6B1D60956043}.Debug|Any CPU.Build.0 = Debug|Any CPU
		{4D80453C-D75A-4031-9A87-6B1D60956043}.Release|Any CPU.ActiveCfg = Release|Any CPU
		{4D80453C-D75A-4031-9A87-6B1D60956043}.Release|Any CPU.Build.0 = Release|Any CPU
	EndGlobalSection
	GlobalSection(SolutionProperties) = preSolution
		HideSolutionNode = FALSE
	EndGlobalSection
	GlobalSection(ExtensibilityGlobals) = postSolution
		SolutionGuid = {02292F78-AFD3-44AE-8E5F-AEF65E9C8FF5}
	EndGlobalSection
EndGlobal
